
Microsoft Visual Studio Solution File, Format Version 12.00
# Visual Studio 15
VisualStudioVersion = 15.0.28307.168
MinimumVisualStudioVersion = 10.0.40219.1
Project("{9A19103F-16F7-4668-BE54-9A1E7A4F7556}") = "Gameteki.LobbyNode", "Gameteki.LobbyNode.csproj", "{CA6478EE-307D-474D-83A5-EC047BC21B19}"
EndProject
Project("{9A19103F-16F7-4668-BE54-9A1E7A4F7556}") = "Gameteki.LobbyNode.Tests", "Gameteki.LobbyNode.Tests\Gameteki.LobbyNode.Tests.csproj", "{5A04419D-B6BE-4054-BEF6-C2589746FA4C}"
EndProject
Global
	GlobalSection(SolutionConfigurationPlatforms) = preSolution
		Debug|Any CPU = Debug|Any CPU
		Release|Any CPU = Release|Any CPU
	EndGlobalSection
	GlobalSection(ProjectConfigurationPlatforms) = postSolution
		{CA6478EE-307D-474D-83A5-EC047BC21B19}.Debug|Any CPU.ActiveCfg = Debug|Any CPU
		{CA6478EE-307D-474D-83A5-EC047BC21B19}.Debug|Any CPU.Build.0 = Debug|Any CPU
		{CA6478EE-307D-474D-83A5-EC047BC21B19}.Release|Any CPU.ActiveCfg = Release|Any CPU
		{CA6478EE-307D-474D-83A5-EC047BC21B19}.Release|Any CPU.Build.0 = Release|Any CPU
		{5A04419D-B6BE-4054-BEF6-C2589746FA4C}.Debug|Any CPU.ActiveCfg = Debug|Any CPU
		{5A04419D-B6BE-4054-BEF6-C2589746FA4C}.Debug|Any CPU.Build.0 = Debug|Any CPU
		{5A04419D-B6BE-4054-BEF6-C2589746FA4C}.Release|Any CPU.ActiveCfg = Release|Any CPU
		{5A04419D-B6BE-4054-BEF6-C2589746FA4C}.Release|Any CPU.Build.0 = Release|Any CPU
	EndGlobalSection
	GlobalSection(SolutionProperties) = preSolution
		HideSolutionNode = FALSE
	EndGlobalSection
	GlobalSection(ExtensibilityGlobals) = postSolution
		SolutionGuid = {DB32AC7F-B961-4F4E-8BFA-4800563DCF5C}
	EndGlobalSection
EndGlobal
